// !$*UTF8*$!
{
	archiveVersion = 1;
	classes = {
	};
	objectVersion = 46;
	objects = {

/* Begin PBXBuildFile section */
		10D167F921DA7ADC004D4264 /* AppDelegate.swift in Sources */ = {isa = PBXBuildFile; fileRef = 10D167F821DA7ADC004D4264 /* AppDelegate.swift */; };
		10D167FC21DA7ADC004D4264 /* TestSCMSystem.xcdatamodeld in Sources */ = {isa = PBXBuildFile; fileRef = 10D167FA21DA7ADC004D4264 /* TestSCMSystem.xcdatamodeld */; };
		10D167FE21DA7ADC004D4264 /* MasterViewController.swift in Sources */ = {isa = PBXBuildFile; fileRef = 10D167FD21DA7ADC004D4264 /* MasterViewController.swift */; };
		10D1680021DA7ADC004D4264 /* DetailViewController.swift in Sources */ = {isa = PBXBuildFile; fileRef = 10D167FF21DA7ADC004D4264 /* DetailViewController.swift */; };
		10D1680321DA7ADC004D4264 /* Main.storyboard in Resources */ = {isa = PBXBuildFile; fileRef = 10D1680121DA7ADC004D4264 /* Main.storyboard */; };
		10D1680521DA7ADC004D4264 /* Assets.xcassets in Resources */ = {isa = PBXBuildFile; fileRef = 10D1680421DA7ADC004D4264 /* Assets.xcassets */; };
		10D1681321DA7ADC004D4264 /* TestSCMSystemTests.swift in Sources */ = {isa = PBXBuildFile; fileRef = 10D1681221DA7ADC004D4264 /* TestSCMSystemTests.swift */; };
		10D1681E21DA7ADC004D4264 /* TestSCMSystemUITests.swift in Sources */ = {isa = PBXBuildFile; fileRef = 10D1681D21DA7ADC004D4264 /* TestSCMSystemUITests.swift */; };
/* End PBXBuildFile section */

/* Begin PBXContainerItemProxy section */
		10D1680F21DA7ADC004D4264 /* PBXContainerItemProxy */ = {
			isa = PBXContainerItemProxy;
			containerPortal = 10D167ED21DA7ADC004D4264 /* Project object */;
			proxyType = 1;
			remoteGlobalIDString = 10D167F421DA7ADC004D4264;
			remoteInfo = TestSCMSystem;
		};
		10D1681A21DA7ADC004D4264 /* PBXContainerItemProxy */ = {
			isa = PBXContainerItemProxy;
			containerPortal = 10D167ED21DA7ADC004D4264 /* Project object */;
			proxyType = 1;
			remoteGlobalIDString = 10D167F421DA7ADC004D4264;
			remoteInfo = TestSCMSystem;
		};
/* End PBXContainerItemProxy section */

/* Begin PBXFileReference section */
		10D167F521DA7ADC004D4264 /* TestSCMSystem.app */ = {isa = PBXFileReference; explicitFileType = wrapper.application; includeInIndex = 0; path = TestSCMSystem.app; sourceTree = BUILT_PRODUCTS_DIR; };
		10D167F821DA7ADC004D4264 /* AppDelegate.swift */ = {isa = PBXFileReference; lastKnownFileType = sourcecode.swift; path = AppDelegate.swift; sourceTree = "<group>"; };
		10D167FB21DA7ADC004D4264 /* TestSCMSystem.xcdatamodel */ = {isa = PBXFileReference; lastKnownFileType = wrapper.xcdatamodel; path = TestSCMSystem.xcdatamodel; sourceTree = "<group>"; };
		10D167FD21DA7ADC004D4264 /* MasterViewController.swift */ = {isa = PBXFileReference; lastKnownFileType = sourcecode.swift; path = MasterViewController.swift; sourceTree = "<group>"; };
		10D167FF21DA7ADC004D4264 /* DetailViewController.swift */ = {isa = PBXFileReference; lastKnownFileType = sourcecode.swift; path = DetailViewController.swift; sourceTree = "<group>"; };
		10D1680221DA7ADC004D4264 /* Base */ = {isa = PBXFileReference; lastKnownFileType = file.storyboard; name = Base; path = Base.lproj/Main.storyboard; sourceTree = "<group>"; };
		10D1680421DA7ADC004D4264 /* Assets.xcassets */ = {isa = PBXFileReference; lastKnownFileType = folder.assetcatalog; path = Assets.xcassets; sourceTree = "<group>"; };
		10D1680921DA7ADC004D4264 /* Info.plist */ = {isa = PBXFileReference; lastKnownFileType = text.plist.xml; path = Info.plist; sourceTree = "<group>"; };
		10D1680E21DA7ADC004D4264 /* TestSCMSystemTests.xctest */ = {isa = PBXFileReference; explicitFileType = wrapper.cfbundle; includeInIndex = 0; path = TestSCMSystemTests.xctest; sourceTree = BUILT_PRODUCTS_DIR; };
		10D1681221DA7ADC004D4264 /* TestSCMSystemTests.swift */ = {isa = PBXFileReference; lastKnownFileType = sourcecode.swift; path = TestSCMSystemTests.swift; sourceTree = "<group>"; };
		10D1681421DA7ADC004D4264 /* Info.plist */ = {isa = PBXFileReference; lastKnownFileType = text.plist.xml; path = Info.plist; sourceTree = "<group>"; };
		10D1681921DA7ADC004D4264 /* TestSCMSystemUITests.xctest */ = {isa = PBXFileReference; explicitFileType = wrapper.cfbundle; includeInIndex = 0; path = TestSCMSystemUITests.xctest; sourceTree = BUILT_PRODUCTS_DIR; };
		10D1681D21DA7ADC004D4264 /* TestSCMSystemUITests.swift */ = {isa = PBXFileReference; lastKnownFileType = sourcecode.swift; path = TestSCMSystemUITests.swift; sourceTree = "<group>"; };
		10D1681F21DA7ADC004D4264 /* Info.plist */ = {isa = PBXFileReference; lastKnownFileType = text.plist.xml; path = Info.plist; sourceTree = "<group>"; };
/* End PBXFileReference section */

/* Begin PBXFrameworksBuildPhase section */
		10D167F221DA7ADC004D4264 /* Frameworks */ = {
			isa = PBXFrameworksBuildPhase;
			buildActionMask = 2147483647;
			files = (
			);
			runOnlyForDeploymentPostprocessing = 0;
		};
		10D1680B21DA7ADC004D4264 /* Frameworks */ = {
			isa = PBXFrameworksBuildPhase;
			buildActionMask = 2147483647;
			files = (
			);
			runOnlyForDeploymentPostprocessing = 0;
		};
		10D1681621DA7ADC004D4264 /* Frameworks */ = {
			isa = PBXFrameworksBuildPhase;
			buildActionMask = 2147483647;
			files = (
			);
			runOnlyForDeploymentPostprocessing = 0;
		};
/* End PBXFrameworksBuildPhase section */

/* Begin PBXGroup section */
		10D167EC21DA7ADC004D4264 = {
			isa = PBXGroup;
			children = (
				10D167F721DA7ADC004D4264 /* TestSCMSystem */,
				10D1681121DA7ADC004D4264 /* TestSCMSystemTests */,
				10D1681C21DA7ADC004D4264 /* TestSCMSystemUITests */,
				10D167F621DA7ADC004D4264 /* Products */,
			);
			sourceTree = "<group>";
		};
		10D167F621DA7ADC004D4264 /* Products */ = {
			isa = PBXGroup;
			children = (
				10D167F521DA7ADC004D4264 /* TestSCMSystem.app */,
				10D1680E21DA7ADC004D4264 /* TestSCMSystemTests.xctest */,
				10D1681921DA7ADC004D4264 /* TestSCMSystemUITests.xctest */,
			);
			name = Products;
			sourceTree = "<group>";
		};
		10D167F721DA7ADC004D4264 /* TestSCMSystem */ = {
			isa = PBXGroup;
			children = (
				10D167F821DA7ADC004D4264 /* AppDelegate.swift */,
				10D167FD21DA7ADC004D4264 /* MasterViewController.swift */,
				10D167FF21DA7ADC004D4264 /* DetailViewController.swift */,
				10D1680121DA7ADC004D4264 /* Main.storyboard */,
				10D1680421DA7ADC004D4264 /* Assets.xcassets */,
				10D1680921DA7ADC004D4264 /* Info.plist */,
				10D167FA21DA7ADC004D4264 /* TestSCMSystem.xcdatamodeld */,
			);
			path = TestSCMSystem;
			sourceTree = "<group>";
		};
		10D1681121DA7ADC004D4264 /* TestSCMSystemTests */ = {
			isa = PBXGroup;
			children = (
				10D1681221DA7ADC004D4264 /* TestSCMSystemTests.swift */,
				10D1681421DA7ADC004D4264 /* Info.plist */,
			);
			path = TestSCMSystemTests;
			sourceTree = "<group>";
		};
		10D1681C21DA7ADC004D4264 /* TestSCMSystemUITests */ = {
			isa = PBXGroup;
			children = (
				10D1681D21DA7ADC004D4264 /* TestSCMSystemUITests.swift */,
				10D1681F21DA7ADC004D4264 /* Info.plist */,
			);
			path = TestSCMSystemUITests;
			sourceTree = "<group>";
		};
/* End PBXGroup section */

/* Begin PBXNativeTarget section */
		10D167F421DA7ADC004D4264 /* TestSCMSystem */ = {
			isa = PBXNativeTarget;
			buildConfigurationList = 10D1682221DA7ADC004D4264 /* Build configuration list for PBXNativeTarget "TestSCMSystem" */;
			buildPhases = (
				10D167F121DA7ADC004D4264 /* Sources */,
				10D167F221DA7ADC004D4264 /* Frameworks */,
				10D167F321DA7ADC004D4264 /* Resources */,
			);
			buildRules = (
			);
			dependencies = (
			);
			name = TestSCMSystem;
			productName = TestSCMSystem;
			productReference = 10D167F521DA7ADC004D4264 /* TestSCMSystem.app */;
			productType = "com.apple.product-type.application";
		};
		10D1680D21DA7ADC004D4264 /* TestSCMSystemTests */ = {
			isa = PBXNativeTarget;
			buildConfigurationList = 10D1682521DA7ADC004D4264 /* Build configuration list for PBXNativeTarget "TestSCMSystemTests" */;
			buildPhases = (
				10D1680A21DA7ADC004D4264 /* Sources */,
				10D1680B21DA7ADC004D4264 /* Frameworks */,
				10D1680C21DA7ADC004D4264 /* Resources */,
			);
			buildRules = (
			);
			dependencies = (
				10D1681021DA7ADC004D4264 /* PBXTargetDependency */,
			);
			name = TestSCMSystemTests;
			productName = TestSCMSystemTests;
			productReference = 10D1680E21DA7ADC004D4264 /* TestSCMSystemTests.xctest */;
			productType = "com.apple.product-type.bundle.unit-test";
		};
		10D1681821DA7ADC004D4264 /* TestSCMSystemUITests */ = {
			isa = PBXNativeTarget;
			buildConfigurationList = 10D1682821DA7ADC004D4264 /* Build configuration list for PBXNativeTarget "TestSCMSystemUITests" */;
			buildPhases = (
				10D1681521DA7ADC004D4264 /* Sources */,
				10D1681621DA7ADC004D4264 /* Frameworks */,
				10D1681721DA7ADC004D4264 /* Resources */,
			);
			buildRules = (
			);
			dependencies = (
				10D1681B21DA7ADC004D4264 /* PBXTargetDependency */,
			);
			name = TestSCMSystemUITests;
			productName = TestSCMSystemUITests;
			productReference = 10D1681921DA7ADC004D4264 /* TestSCMSystemUITests.xctest */;
			productType = "com.apple.product-type.bundle.ui-testing";
		};
/* End PBXNativeTarget section */

/* Begin PBXProject section */
		10D167ED21DA7ADC004D4264 /* Project object */ = {
			isa = PBXProject;
			attributes = {
				LastSwiftUpdateCheck = 0820;
				LastUpgradeCheck = 0820;
				ORGANIZATIONNAME = "Zaman Apps";
				TargetAttributes = {
					10D167F421DA7ADC004D4264 = {
						CreatedOnToolsVersion = 8.2.1;
						ProvisioningStyle = Automatic;
					};
					10D1680D21DA7ADC004D4264 = {
						CreatedOnToolsVersion = 8.2.1;
						ProvisioningStyle = Automatic;
						TestTargetID = 10D167F421DA7ADC004D4264;
					};
					10D1681821DA7ADC004D4264 = {
						CreatedOnToolsVersion = 8.2.1;
						ProvisioningStyle = Automatic;
						TestTargetID = 10D167F421DA7ADC004D4264;
					};
				};
			};
			buildConfigurationList = 10D167F021DA7ADC004D4264 /* Build configuration list for PBXProject "TestSCMSystem" */;
			compatibilityVersion = "Xcode 3.2";
			developmentRegion = English;
			hasScannedForEncodings = 0;
			knownRegions = (
				en,
				Base,
			);
			mainGroup = 10D167EC21DA7ADC004D4264;
			productRefGroup = 10D167F621DA7ADC004D4264 /* Products */;
			projectDirPath = "";
			projectRoot = "";
			targets = (
				10D167F421DA7ADC004D4264 /* TestSCMSystem */,
				10D1680D21DA7ADC004D4264 /* TestSCMSystemTests */,
				10D1681821DA7ADC004D4264 /* TestSCMSystemUITests */,
			);
		};
/* End PBXProject section */

/* Begin PBXResourcesBuildPhase section */
		10D167F321DA7ADC004D4264 /* Resources */ = {
			isa = PBXResourcesBuildPhase;
			buildActionMask = 2147483647;
			files = (
				10D1680521DA7ADC004D4264 /* Assets.xcassets in Resources */,
				10D1680321DA7ADC004D4264 /* Main.storyboard in Resources */,
			);
			runOnlyForDeploymentPostprocessing = 0;
		};
		10D1680C21DA7ADC004D4264 /* Resources */ = {
			isa = PBXResourcesBuildPhase;
			buildActionMask = 2147483647;
			files = (
			);
			runOnlyForDeploymentPostprocessing = 0;
		};
		10D1681721DA7ADC004D4264 /* Resources */ = {
			isa = PBXResourcesBuildPhase;
			buildActionMask = 2147483647;
			files = (
			);
			runOnlyForDeploymentPostprocessing = 0;
		};
/* End PBXResourcesBuildPhase section */

/* Begin PBXSourcesBuildPhase section */
		10D167F121DA7ADC004D4264 /* Sources */ = {
			isa = PBXSourcesBuildPhase;
			buildActionMask = 2147483647;
			files = (
				10D167FC21DA7ADC004D4264 /* TestSCMSystem.xcdatamodeld in Sources */,
				10D167F921DA7ADC004D4264 /* AppDelegate.swift in Sources */,
				10D167FE21DA7ADC004D4264 /* MasterViewController.swift in Sources */,
				10D1680021DA7ADC004D4264 /* DetailViewController.swift in Sources */,
			);
			runOnlyForDeploymentPostprocessing = 0;
		};
		10D1680A21DA7ADC004D4264 /* Sources */ = {
			isa = PBXSourcesBuildPhase;
			buildActionMask = 2147483647;
			files = (
				10D1681321DA7ADC004D4264 /* TestSCMSystemTests.swift in Sources */,
			);
			runOnlyForDeploymentPostprocessing = 0;
		};
		10D1681521DA7ADC004D4264 /* Sources */ = {
			isa = PBXSourcesBuildPhase;
			buildActionMask = 2147483647;
			files = (
				10D1681E21DA7ADC004D4264 /* TestSCMSystemUITests.swift in Sources */,
			);
			runOnlyForDeploymentPostprocessing = 0;
		};
/* End PBXSourcesBuildPhase section */

/* Begin PBXTargetDependency section */
		10D1681021DA7ADC004D4264 /* PBXTargetDependency */ = {
			isa = PBXTargetDependency;
			target = 10D167F421DA7ADC004D4264 /* TestSCMSystem */;
			targetProxy = 10D1680F21DA7ADC004D4264 /* PBXContainerItemProxy */;
		};
		10D1681B21DA7ADC004D4264 /* PBXTargetDependency */ = {
			isa = PBXTargetDependency;
			target = 10D167F421DA7ADC004D4264 /* TestSCMSystem */;
			targetProxy = 10D1681A21DA7ADC004D4264 /* PBXContainerItemProxy */;
		};
/* End PBXTargetDependency section */

/* Begin PBXVariantGroup section */
		10D1680121DA7ADC004D4264 /* Main.storyboard */ = {
			isa = PBXVariantGroup;
			children = (
				10D1680221DA7ADC004D4264 /* Base */,
			);
			name = Main.storyboard;
			sourceTree = "<group>";
		};
/* End PBXVariantGroup section */

/* Begin XCBuildConfiguration section */
		10D1682021DA7ADC004D4264 /* Debug */ = {
			isa = XCBuildConfiguration;
			buildSettings = {
				ALWAYS_SEARCH_USER_PATHS = NO;
				CLANG_ANALYZER_NONNULL = YES;
				CLANG_CXX_LANGUAGE_STANDARD = "gnu++0x";
				CLANG_CXX_LIBRARY = "libc++";
				CLANG_ENABLE_MODULES = YES;
				CLANG_ENABLE_OBJC_ARC = YES;
				CLANG_WARN_BOOL_CONVERSION = YES;
				CLANG_WARN_CONSTANT_CONVERSION = YES;
				CLANG_WARN_DIRECT_OBJC_ISA_USAGE = YES_ERROR;
				CLANG_WARN_DOCUMENTATION_COMMENTS = YES;
				CLANG_WARN_EMPTY_BODY = YES;
				CLANG_WARN_ENUM_CONVERSION = YES;
				CLANG_WARN_INFINITE_RECURSION = YES;
				CLANG_WARN_INT_CONVERSION = YES;
				CLANG_WARN_OBJC_ROOT_CLASS = YES_ERROR;
				CLANG_WARN_SUSPICIOUS_MOVE = YES;
				CLANG_WARN_UNREACHABLE_CODE = YES;
				CLANG_WARN__DUPLICATE_METHOD_MATCH = YES;
				"CODE_SIGN_IDENTITY[sdk=iphoneos*]" = "iPhone Developer";
				COPY_PHASE_STRIP = NO;
				DEBUG_INFORMATION_FORMAT = dwarf;
				ENABLE_STRICT_OBJC_MSGSEND = YES;
				ENABLE_TESTABILITY = YES;
				GCC_C_LANGUAGE_STANDARD = gnu99;
				GCC_DYNAMIC_NO_PIC = NO;
				GCC_NO_COMMON_BLOCKS = YES;
				GCC_OPTIMIZATION_LEVEL = 0;
				GCC_PREPROCESSOR_DEFINITIONS = (
					"DEBUG=1",
					"$(inherited)",
				);
				GCC_WARN_64_TO_32_BIT_CONVERSION = YES;
				GCC_WARN_ABOUT_RETURN_TYPE = YES_ERROR;
				GCC_WARN_UNDECLARED_SELECTOR = YES;
				GCC_WARN_UNINITIALIZED_AUTOS = YES_AGGRESSIVE;
				GCC_WARN_UNUSED_FUNCTION = YES;
				GCC_WARN_UNUSED_VARIABLE = YES;
				IPHONEOS_DEPLOYMENT_TARGET = 10.2;
				MTL_ENABLE_DEBUG_INFO = YES;
				ONLY_ACTIVE_ARCH = YES;
				SDKROOT = iphoneos;
				SWIFT_ACTIVE_COMPILATION_CONDITIONS = DEBUG;
				SWIFT_OPTIMIZATION_LEVEL = "-Onone";
				TARGETED_DEVICE_FAMILY = "1,2";
			};
			name = Debug;
		};
		10D1682121DA7ADC004D4264 /* Release */ = {
			isa = XCBuildConfiguration;
			buildSettings = {
				ALWAYS_SEARCH_USER_PATHS = NO;
				CLANG_ANALYZER_NONNULL = YES;
				CLANG_CXX_LANGUAGE_STANDARD = "gnu++0x";
				CLANG_CXX_LIBRARY = "libc++";
				CLANG_ENABLE_MODULES = YES;
				CLANG_ENABLE_OBJC_ARC = YES;
				CLANG_WARN_BOOL_CONVERSION = YES;
				CLANG_WARN_CONSTANT_CONVERSION = YES;
				CLANG_WARN_DIRECT_OBJC_ISA_USAGE = YES_ERROR;
				CLANG_WARN_DOCUMENTATION_COMMENTS = YES;
				CLANG_WARN_EMPTY_BODY = YES;
				CLANG_WARN_ENUM_CONVERSION = YES;
				CLANG_WARN_INFINITE_RECURSION = YES;
				CLANG_WARN_INT_CONVERSION = YES;
				CLANG_WARN_OBJC_ROOT_CLASS = YES_ERROR;
				CLANG_WARN_SUSPICIOUS_MOVE = YES;
				CLANG_WARN_UNREACHABLE_CODE = YES;
				CLANG_WARN__DUPLICATE_METHOD_MATCH = YES;
				"CODE_SIGN_IDENTITY[sdk=iphoneos*]" = "iPhone Developer";
				COPY_PHASE_STRIP = NO;
				DEBUG_INFORMATION_FORMAT = "dwarf-with-dsym";
				ENABLE_NS_ASSERTIONS = NO;
				ENABLE_STRICT_OBJC_MSGSEND = YES;
				GCC_C_LANGUAGE_STANDARD = gnu99;
				GCC_NO_COMMON_BLOCKS = YES;
				GCC_WARN_64_TO_32_BIT_CONVERSION = YES;
				GCC_WARN_ABOUT_RETURN_TYPE = YES_ERROR;
				GCC_WARN_UNDECLARED_SELECTOR = YES;
				GCC_WARN_UNINITIALIZED_AUTOS = YES_AGGRESSIVE;
				GCC_WARN_UNUSED_FUNCTION = YES;
				GCC_WARN_UNUSED_VARIABLE = YES;
				IPHONEOS_DEPLOYMENT_TARGET = 10.2;
				MTL_ENABLE_DEBUG_INFO = NO;
				SDKROOT = iphoneos;
				SWIFT_OPTIMIZATION_LEVEL = "-Owholemodule";
				TARGETED_DEVICE_FAMILY = "1,2";
				VALIDATE_PRODUCT = YES;
			};
			name = Release;
		};
		10D1682321DA7ADC004D4264 /* Debug */ = {
			isa = XCBuildConfiguration;
			buildSettings = {
				ASSETCATALOG_COMPILER_APPICON_NAME = AppIcon;
				INFOPLIST_FILE = TestSCMSystem/Info.plist;
				LD_RUNPATH_SEARCH_PATHS = "$(inherited) @executable_path/Frameworks";
				PRODUCT_BUNDLE_IDENTIFIER = com.zamanapp.TestSCMSystem;
				PRODUCT_NAME = "$(TARGET_NAME)";
				SWIFT_VERSION = 3.0;
			};
			name = Debug;
		};
		10D1682421DA7ADC004D4264 /* Release */ = {
			isa = XCBuildConfiguration;
			buildSettings = {
				ASSETCATALOG_COMPILER_APPICON_NAME = AppIcon;
				INFOPLIST_FILE = TestSCMSystem/Info.plist;
				LD_RUNPATH_SEARCH_PATHS = "$(inherited) @executable_path/Frameworks";
				PRODUCT_BUNDLE_IDENTIFIER = com.zamanapp.TestSCMSystem;
				PRODUCT_NAME = "$(TARGET_NAME)";
				SWIFT_VERSION = 3.0;
			};
			name = Release;
		};
		10D1682621DA7ADC004D4264 /* Debug */ = {
			isa = XCBuildConfiguration;
			buildSettings = {
				ALWAYS_EMBED_SWIFT_STANDARD_LIBRARIES = YES;
				BUNDLE_LOADER = "$(TEST_HOST)";
				INFOPLIST_FILE = TestSCMSystemTests/Info.plist;
				LD_RUNPATH_SEARCH_PATHS = "$(inherited) @executable_path/Frameworks @loader_path/Frameworks";
				PRODUCT_BUNDLE_IDENTIFIER = com.zamanapp.TestSCMSystemTests;
				PRODUCT_NAME = "$(TARGET_NAME)";
				SWIFT_VERSION = 3.0;
				TEST_HOST = "$(BUILT_PRODUCTS_DIR)/TestSCMSystem.app/TestSCMSystem";
			};
			name = Debug;
		};
		10D1682721DA7ADC004D4264 /* Release */ = {
			isa = XCBuildConfiguration;
			buildSettings = {
				ALWAYS_EMBED_SWIFT_STANDARD_LIBRARIES = YES;
				BUNDLE_LOADER = "$(TEST_HOST)";
				INFOPLIST_FILE = TestSCMSystemTests/Info.plist;
				LD_RUNPATH_SEARCH_PATHS = "$(inherited) @executable_path/Frameworks @loader_path/Frameworks";
				PRODUCT_BUNDLE_IDENTIFIER = com.zamanapp.TestSCMSystemTests;
				PRODUCT_NAME = "$(TARGET_NAME)";
				SWIFT_VERSION = 3.0;
				TEST_HOST = "$(BUILT_PRODUCTS_DIR)/TestSCMSystem.app/TestSCMSystem";
			};
			name = Release;
		};
		10D1682921DA7ADC004D4264 /* Debug */ = {
			isa = XCBuildConfiguration;
			buildSettings = {
				ALWAYS_EMBED_SWIFT_STANDARD_LIBRARIES = YES;
				INFOPLIST_FILE = TestSCMSystemUITests/Info.plist;
				LD_RUNPATH_SEARCH_PATHS = "$(inherited) @executable_path/Frameworks @loader_path/Frameworks";
				PRODUCT_BUNDLE_IDENTIFIER = com.zamanapp.TestSCMSystemUITests;
				PRODUCT_NAME = "$(TARGET_NAME)";
				SWIFT_VERSION = 3.0;
				TEST_TARGET_NAME = TestSCMSystem;
			};
			name = Debug;
		};
		10D1682A21DA7ADC004D4264 /* Release */ = {
			isa = XCBuildConfiguration;
			buildSettings = {
				ALWAYS_EMBED_SWIFT_STANDARD_LIBRARIES = YES;
				INFOPLIST_FILE = TestSCMSystemUITests/Info.plist;
				LD_RUNPATH_SEARCH_PATHS = "$(inherited) @executable_path/Frameworks @loader_path/Frameworks";
				PRODUCT_BUNDLE_IDENTIFIER = com.zamanapp.TestSCMSystemUITests;
				PRODUCT_NAME = "$(TARGET_NAME)";
				SWIFT_VERSION = 3.0;
				TEST_TARGET_NAME = TestSCMSystem;
			};
			name = Release;
		};
/* End XCBuildConfiguration section */

/* Begin XCConfigurationList section */
		10D167F021DA7ADC004D4264 /* Build configuration list for PBXProject "TestSCMSystem" */ = {
			isa = XCConfigurationList;
			buildConfigurations = (
				10D1682021DA7ADC004D4264 /* Debug */,
				10D1682121DA7ADC004D4264 /* Release */,
			);
			defaultConfigurationIsVisible = 0;
			defaultConfigurationName = Release;
		};
		10D1682221DA7ADC004D4264 /* Build configuration list for PBXNativeTarget "TestSCMSystem" */ = {
			isa = XCConfigurationList;
			buildConfigurations = (
				10D1682321DA7ADC004D4264 /* Debug */,
				10D1682421DA7ADC004D4264 /* Release */,
			);
			defaultConfigurationIsVisible = 0;
			defaultConfigurationName = Release;
		};
		10D1682521DA7ADC004D4264 /* Build configuration list for PBXNativeTarget "TestSCMSystemTests" */ = {
			isa = XCConfigurationList;
			buildConfigurations = (
				10D1682621DA7ADC004D4264 /* Debug */,
				10D1682721DA7ADC004D4264 /* Release */,
			);
			defaultConfigurationIsVisible = 0;
			defaultConfigurationName = Release;
		};
		10D1682821DA7ADC004D4264 /* Build configuration list for PBXNativeTarget "TestSCMSystemUITests" */ = {
			isa = XCConfigurationList;
			buildConfigurations = (
				10D1682921DA7ADC004D4264 /* Debug */,
				10D1682A21DA7ADC004D4264 /* Release */,
			);
			defaultConfigurationIsVisible = 0;
			defaultConfigurationName = Release;
		};
/* End XCConfigurationList section */

/* Begin XCVersionGroup section */
		10D167FA21DA7ADC004D4264 /* TestSCMSystem.xcdatamodeld */ = {
			isa = XCVersionGroup;
			children = (
				10D167FB21DA7ADC004D4264 /* TestSCMSystem.xcdatamodel */,
			);
			currentVersion = 10D167FB21DA7ADC004D4264 /* TestSCMSystem.xcdatamodel */;
			path = TestSCMSystem.xcdatamodeld;
			sourceTree = "<group>";
			versionGroupType = wrapper.xcdatamodel;
		};
/* End XCVersionGroup section */
	};
	rootObject = 10D167ED21DA7ADC004D4264 /* Project object */;
}
